// !$*UTF8*$!
{
	archiveVersion = 1;
	classes = {
	};
	objectVersion = 55;
	objects = {

/* Begin PBXBuildFile section */
		0FCD66BF2877078F00DFF03D /* AppDelegate.swift in Sources */ = {isa = PBXBuildFile; fileRef = 0FCD66BE2877078F00DFF03D /* AppDelegate.swift */; };
		0FCD66C12877078F00DFF03D /* SceneDelegate.swift in Sources */ = {isa = PBXBuildFile; fileRef = 0FCD66C02877078F00DFF03D /* SceneDelegate.swift */; };
		0FCD66C32877078F00DFF03D /* ViewController.swift in Sources */ = {isa = PBXBuildFile; fileRef = 0FCD66C22877078F00DFF03D /* ViewController.swift */; };
		0FCD66C62877078F00DFF03D /* Main.storyboard in Resources */ = {isa = PBXBuildFile; fileRef = 0FCD66C42877078F00DFF03D /* Main.storyboard */; };
		0FCD66C82877078F00DFF03D /* Assets.xcassets in Resources */ = {isa = PBXBuildFile; fileRef = 0FCD66C72877078F00DFF03D /* Assets.xcassets */; };
		0FCD66CB2877078F00DFF03D /* LaunchScreen.storyboard in Resources */ = {isa = PBXBuildFile; fileRef = 0FCD66C92877078F00DFF03D /* LaunchScreen.storyboard */; };
		0FCD66D62877078F00DFF03D /* homeworkTests.swift in Sources */ = {isa = PBXBuildFile; fileRef = 0FCD66D52877078F00DFF03D /* homeworkTests.swift */; };
		0FCD66E02877078F00DFF03D /* homeworkUITests.swift in Sources */ = {isa = PBXBuildFile; fileRef = 0FCD66DF2877078F00DFF03D /* homeworkUITests.swift */; };
		0FCD66E22877078F00DFF03D /* homeworkUITestsLaunchTests.swift in Sources */ = {isa = PBXBuildFile; fileRef = 0FCD66E12877078F00DFF03D /* homeworkUITestsLaunchTests.swift */; };
/* End PBXBuildFile section */

/* Begin PBXContainerItemProxy section */
		0FCD66D22877078F00DFF03D /* PBXContainerItemProxy */ = {
			isa = PBXContainerItemProxy;
			containerPortal = 0FCD66B32877078F00DFF03D /* Project object */;
			proxyType = 1;
			remoteGlobalIDString = 0FCD66BA2877078F00DFF03D;
			remoteInfo = homework;
		};
		0FCD66DC2877078F00DFF03D /* PBXContainerItemProxy */ = {
			isa = PBXContainerItemProxy;
			containerPortal = 0FCD66B32877078F00DFF03D /* Project object */;
			proxyType = 1;
			remoteGlobalIDString = 0FCD66BA2877078F00DFF03D;
			remoteInfo = homework;
		};
/* End PBXContainerItemProxy section */

/* Begin PBXFileReference section */
		0FCD66BB2877078F00DFF03D /* homework.app */ = {isa = PBXFileReference; explicitFileType = wrapper.application; includeInIndex = 0; path = homework.app; sourceTree = BUILT_PRODUCTS_DIR; };
		0FCD66BE2877078F00DFF03D /* AppDelegate.swift */ = {isa = PBXFileReference; lastKnownFileType = sourcecode.swift; path = AppDelegate.swift; sourceTree = "<group>"; };
		0FCD66C02877078F00DFF03D /* SceneDelegate.swift */ = {isa = PBXFileReference; lastKnownFileType = sourcecode.swift; path = SceneDelegate.swift; sourceTree = "<group>"; };
		0FCD66C22877078F00DFF03D /* ViewController.swift */ = {isa = PBXFileReference; lastKnownFileType = sourcecode.swift; path = ViewController.swift; sourceTree = "<group>"; };
		0FCD66C52877078F00DFF03D /* Base */ = {isa = PBXFileReference; lastKnownFileType = file.storyboard; name = Base; path = Base.lproj/Main.storyboard; sourceTree = "<group>"; };
		0FCD66C72877078F00DFF03D /* Assets.xcassets */ = {isa = PBXFileReference; lastKnownFileType = folder.assetcatalog; path = Assets.xcassets; sourceTree = "<group>"; };
		0FCD66CA2877078F00DFF03D /* Base */ = {isa = PBXFileReference; lastKnownFileType = file.storyboard; name = Base; path = Base.lproj/LaunchScreen.storyboard; sourceTree = "<group>"; };
		0FCD66CC2877078F00DFF03D /* Info.plist */ = {isa = PBXFileReference; lastKnownFileType = text.plist.xml; path = Info.plist; sourceTree = "<group>"; };
		0FCD66D12877078F00DFF03D /* homeworkTests.xctest */ = {isa = PBXFileReference; explicitFileType = wrapper.cfbundle; includeInIndex = 0; path = homeworkTests.xctest; sourceTree = BUILT_PRODUCTS_DIR; };
		0FCD66D52877078F00DFF03D /* homeworkTests.swift */ = {isa = PBXFileReference; lastKnownFileType = sourcecode.swift; path = homeworkTests.swift; sourceTree = "<group>"; };
		0FCD66DB2877078F00DFF03D /* homeworkUITests.xctest */ = {isa = PBXFileReference; explicitFileType = wrapper.cfbundle; includeInIndex = 0; path = homeworkUITests.xctest; sourceTree = BUILT_PRODUCTS_DIR; };
		0FCD66DF2877078F00DFF03D /* homeworkUITests.swift */ = {isa = PBXFileReference; lastKnownFileType = sourcecode.swift; path = homeworkUITests.swift; sourceTree = "<group>"; };
		0FCD66E12877078F00DFF03D /* homeworkUITestsLaunchTests.swift */ = {isa = PBXFileReference; lastKnownFileType = sourcecode.swift; path = homeworkUITestsLaunchTests.swift; sourceTree = "<group>"; };
/* End PBXFileReference section */

/* Begin PBXFrameworksBuildPhase section */
		0FCD66B82877078F00DFF03D /* Frameworks */ = {
			isa = PBXFrameworksBuildPhase;
			buildActionMask = 2147483647;
			files = (
			);
			runOnlyForDeploymentPostprocessing = 0;
		};
		0FCD66CE2877078F00DFF03D /* Frameworks */ = {
			isa = PBXFrameworksBuildPhase;
			buildActionMask = 2147483647;
			files = (
			);
			runOnlyForDeploymentPostprocessing = 0;
		};
		0FCD66D82877078F00DFF03D /* Frameworks */ = {
			isa = PBXFrameworksBuildPhase;
			buildActionMask = 2147483647;
			files = (
			);
			runOnlyForDeploymentPostprocessing = 0;
		};
/* End PBXFrameworksBuildPhase section */

/* Begin PBXGroup section */
		0FCD66B22877078F00DFF03D = {
			isa = PBXGroup;
			children = (
				0FCD66BD2877078F00DFF03D /* homework */,
				0FCD66D42877078F00DFF03D /* homeworkTests */,
				0FCD66DE2877078F00DFF03D /* homeworkUITests */,
				0FCD66BC2877078F00DFF03D /* Products */,
			);
			sourceTree = "<group>";
		};
		0FCD66BC2877078F00DFF03D /* Products */ = {
			isa = PBXGroup;
			children = (
				0FCD66BB2877078F00DFF03D /* homework.app */,
				0FCD66D12877078F00DFF03D /* homeworkTests.xctest */,
				0FCD66DB2877078F00DFF03D /* homeworkUITests.xctest */,
			);
			name = Products;
			sourceTree = "<group>";
		};
		0FCD66BD2877078F00DFF03D /* homework */ = {
			isa = PBXGroup;
			children = (
				0FCD66BE2877078F00DFF03D /* AppDelegate.swift */,
				0FCD66C02877078F00DFF03D /* SceneDelegate.swift */,
				0FCD66C22877078F00DFF03D /* ViewController.swift */,
				0FCD66C42877078F00DFF03D /* Main.storyboard */,
				0FCD66C72877078F00DFF03D /* Assets.xcassets */,
				0FCD66C92877078F00DFF03D /* LaunchScreen.storyboard */,
				0FCD66CC2877078F00DFF03D /* Info.plist */,
			);
			path = homework;
			sourceTree = "<group>";
		};
		0FCD66D42877078F00DFF03D /* homeworkTests */ = {
			isa = PBXGroup;
			children = (
				0FCD66D52877078F00DFF03D /* homeworkTests.swift */,
			);
			path = homeworkTests;
			sourceTree = "<group>";
		};
		0FCD66DE2877078F00DFF03D /* homeworkUITests */ = {
			isa = PBXGroup;
			children = (
				0FCD66DF2877078F00DFF03D /* homeworkUITests.swift */,
				0FCD66E12877078F00DFF03D /* homeworkUITestsLaunchTests.swift */,
			);
			path = homeworkUITests;
			sourceTree = "<group>";
		};
/* End PBXGroup section */

/* Begin PBXNativeTarget section */
		0FCD66BA2877078F00DFF03D /* homework */ = {
			isa = PBXNativeTarget;
			buildConfigurationList = 0FCD66E52877078F00DFF03D /* Build configuration list for PBXNativeTarget "homework" */;
			buildPhases = (
				0FCD66B72877078F00DFF03D /* Sources */,
				0FCD66B82877078F00DFF03D /* Frameworks */,
				0FCD66B92877078F00DFF03D /* Resources */,
			);
			buildRules = (
			);
			dependencies = (
			);
			name = homework;
			productName = homework;
			productReference = 0FCD66BB2877078F00DFF03D /* homework.app */;
			productType = "com.apple.product-type.application";
		};
		0FCD66D02877078F00DFF03D /* homeworkTests */ = {
			isa = PBXNativeTarget;
			buildConfigurationList = 0FCD66E82877078F00DFF03D /* Build configuration list for PBXNativeTarget "homeworkTests" */;
			buildPhases = (
				0FCD66CD2877078F00DFF03D /* Sources */,
				0FCD66CE2877078F00DFF03D /* Frameworks */,
				0FCD66CF2877078F00DFF03D /* Resources */,
			);
			buildRules = (
			);
			dependencies = (
				0FCD66D32877078F00DFF03D /* PBXTargetDependency */,
			);
			name = homeworkTests;
			productName = homeworkTests;
			productReference = 0FCD66D12877078F00DFF03D /* homeworkTests.xctest */;
			productType = "com.apple.product-type.bundle.unit-test";
		};
		0FCD66DA2877078F00DFF03D /* homeworkUITests */ = {
			isa = PBXNativeTarget;
			buildConfigurationList = 0FCD66EB2877078F00DFF03D /* Build configuration list for PBXNativeTarget "homeworkUITests" */;
			buildPhases = (
				0FCD66D72877078F00DFF03D /* Sources */,
				0FCD66D82877078F00DFF03D /* Frameworks */,
				0FCD66D92877078F00DFF03D /* Resources */,
			);
			buildRules = (
			);
			dependencies = (
				0FCD66DD2877078F00DFF03D /* PBXTargetDependency */,
			);
			name = homeworkUITests;
			productName = homeworkUITests;
			productReference = 0FCD66DB2877078F00DFF03D /* homeworkUITests.xctest */;
			productType = "com.apple.product-type.bundle.ui-testing";
		};
/* End PBXNativeTarget section */

/* Begin PBXProject section */
		0FCD66B32877078F00DFF03D /* Project object */ = {
			isa = PBXProject;
			attributes = {
				BuildIndependentTargetsInParallel = 1;
				LastSwiftUpdateCheck = 1330;
				LastUpgradeCheck = 1330;
				TargetAttributes = {
					0FCD66BA2877078F00DFF03D = {
						CreatedOnToolsVersion = 13.3;
					};
					0FCD66D02877078F00DFF03D = {
						CreatedOnToolsVersion = 13.3;
						TestTargetID = 0FCD66BA2877078F00DFF03D;
					};
					0FCD66DA2877078F00DFF03D = {
						CreatedOnToolsVersion = 13.3;
						TestTargetID = 0FCD66BA2877078F00DFF03D;
					};
				};
			};
			buildConfigurationList = 0FCD66B62877078F00DFF03D /* Build configuration list for PBXProject "homework" */;
			compatibilityVersion = "Xcode 13.0";
			developmentRegion = en;
			hasScannedForEncodings = 0;
			knownRegions = (
				en,
				Base,
			);
			mainGroup = 0FCD66B22877078F00DFF03D;
			productRefGroup = 0FCD66BC2877078F00DFF03D /* Products */;
			projectDirPath = "";
			projectRoot = "";
			targets = (
				0FCD66BA2877078F00DFF03D /* homework */,
				0FCD66D02877078F00DFF03D /* homeworkTests */,
				0FCD66DA2877078F00DFF03D /* homeworkUITests */,
			);
		};
/* End PBXProject section */

/* Begin PBXResourcesBuildPhase section */
		0FCD66B92877078F00DFF03D /* Resources */ = {
			isa = PBXResourcesBuildPhase;
			buildActionMask = 2147483647;
			files = (
				0FCD66CB2877078F00DFF03D /* LaunchScreen.storyboard in Resources */,
				0FCD66C82877078F00DFF03D /* Assets.xcassets in Resources */,
				0FCD66C62877078F00DFF03D /* Main.storyboard in Resources */,
			);
			runOnlyForDeploymentPostprocessing = 0;
		};
		0FCD66CF2877078F00DFF03D /* Resources */ = {
			isa = PBXResourcesBuildPhase;
			buildActionMask = 2147483647;
			files = (
			);
			runOnlyForDeploymentPostprocessing = 0;
		};
		0FCD66D92877078F00DFF03D /* Resources */ = {
			isa = PBXResourcesBuildPhase;
			buildActionMask = 2147483647;
			files = (
			);
			runOnlyForDeploymentPostprocessing = 0;
		};
/* End PBXResourcesBuildPhase section */

/* Begin PBXSourcesBuildPhase section */
		0FCD66B72877078F00DFF03D /* Sources */ = {
			isa = PBXSourcesBuildPhase;
			buildActionMask = 2147483647;
			files = (
				0FCD66C32877078F00DFF03D /* ViewController.swift in Sources */,
				0FCD66BF2877078F00DFF03D /* AppDelegate.swift in Sources */,
				0FCD66C12877078F00DFF03D /* SceneDelegate.swift in Sources */,
			);
			runOnlyForDeploymentPostprocessing = 0;
		};
		0FCD66CD2877078F00DFF03D /* Sources */ = {
			isa = PBXSourcesBuildPhase;
			buildActionMask = 2147483647;
			files = (
				0FCD66D62877078F00DFF03D /* homeworkTests.swift in Sources */,
			);
			runOnlyForDeploymentPostprocessing = 0;
		};
		0FCD66D72877078F00DFF03D /* Sources */ = {
			isa = PBXSourcesBuildPhase;
			buildActionMask = 2147483647;
			files = (
				0FCD66E22877078F00DFF03D /* homeworkUITestsLaunchTests.swift in Sources */,
				0FCD66E02877078F00DFF03D /* homeworkUITests.swift in Sources */,
			);
			runOnlyForDeploymentPostprocessing = 0;
		};
/* End PBXSourcesBuildPhase section */

/* Begin PBXTargetDependency section */
		0FCD66D32877078F00DFF03D /* PBXTargetDependency */ = {
			isa = PBXTargetDependency;
			target = 0FCD66BA2877078F00DFF03D /* homework */;
			targetProxy = 0FCD66D22877078F00DFF03D /* PBXContainerItemProxy */;
		};
		0FCD66DD2877078F00DFF03D /* PBXTargetDependency */ = {
			isa = PBXTargetDependency;
			target = 0FCD66BA2877078F00DFF03D /* homework */;
			targetProxy = 0FCD66DC2877078F00DFF03D /* PBXContainerItemProxy */;
		};
/* End PBXTargetDependency section */

/* Begin PBXVariantGroup section */
		0FCD66C42877078F00DFF03D /* Main.storyboard */ = {
			isa = PBXVariantGroup;
			children = (
				0FCD66C52877078F00DFF03D /* Base */,
			);
			name = Main.storyboard;
			sourceTree = "<group>";
		};
		0FCD66C92877078F00DFF03D /* LaunchScreen.storyboard */ = {
			isa = PBXVariantGroup;
			children = (
				0FCD66CA2877078F00DFF03D /* Base */,
			);
			name = LaunchScreen.storyboard;
			sourceTree = "<group>";
		};
/* End PBXVariantGroup section */

/* Begin XCBuildConfiguration section */
		0FCD66E32877078F00DFF03D /* Debug */ = {
			isa = XCBuildConfiguration;
			buildSettings = {
				ALWAYS_SEARCH_USER_PATHS = NO;
				CLANG_ANALYZER_NONNULL = YES;
				CLANG_ANALYZER_NUMBER_OBJECT_CONVERSION = YES_AGGRESSIVE;
				CLANG_CXX_LANGUAGE_STANDARD = "gnu++17";
				CLANG_ENABLE_MODULES = YES;
				CLANG_ENABLE_OBJC_ARC = YES;
				CLANG_ENABLE_OBJC_WEAK = YES;
				CLANG_WARN_BLOCK_CAPTURE_AUTORELEASING = YES;
				CLANG_WARN_BOOL_CONVERSION = YES;
				CLANG_WARN_COMMA = YES;
				CLANG_WARN_CONSTANT_CONVERSION = YES;
				CLANG_WARN_DEPRECATED_OBJC_IMPLEMENTATIONS = YES;
				CLANG_WARN_DIRECT_OBJC_ISA_USAGE = YES_ERROR;
				CLANG_WARN_DOCUMENTATION_COMMENTS = YES;
				CLANG_WARN_EMPTY_BODY = YES;
				CLANG_WARN_ENUM_CONVERSION = YES;
				CLANG_WARN_INFINITE_RECURSION = YES;
				CLANG_WARN_INT_CONVERSION = YES;
				CLANG_WARN_NON_LITERAL_NULL_CONVERSION = YES;
				CLANG_WARN_OBJC_IMPLICIT_RETAIN_SELF = YES;
				CLANG_WARN_OBJC_LITERAL_CONVERSION = YES;
				CLANG_WARN_OBJC_ROOT_CLASS = YES_ERROR;
				CLANG_WARN_QUOTED_INCLUDE_IN_FRAMEWORK_HEADER = YES;
				CLANG_WARN_RANGE_LOOP_ANALYSIS = YES;
				CLANG_WARN_STRICT_PROTOTYPES = YES;
				CLANG_WARN_SUSPICIOUS_MOVE = YES;
				CLANG_WARN_UNGUARDED_AVAILABILITY = YES_AGGRESSIVE;
				CLANG_WARN_UNREACHABLE_CODE = YES;
				CLANG_WARN__DUPLICATE_METHOD_MATCH = YES;
				COPY_PHASE_STRIP = NO;
				DEBUG_INFORMATION_FORMAT = dwarf;
				ENABLE_STRICT_OBJC_MSGSEND = YES;
				ENABLE_TESTABILITY = YES;
				GCC_C_LANGUAGE_STANDARD = gnu11;
				GCC_DYNAMIC_NO_PIC = NO;
				GCC_NO_COMMON_BLOCKS = YES;
				GCC_OPTIMIZATION_LEVEL = 0;
				GCC_PREPROCESSOR_DEFINITIONS = (
					"DEBUG=1",
					"$(inherited)",
				);
				GCC_WARN_64_TO_32_BIT_CONVERSION = YES;
				GCC_WARN_ABOUT_RETURN_TYPE = YES_ERROR;
				GCC_WARN_UNDECLARED_SELECTOR = YES;
				GCC_WARN_UNINITIALIZED_AUTOS = YES_AGGRESSIVE;
				GCC_WARN_UNUSED_FUNCTION = YES;
				GCC_WARN_UNUSED_VARIABLE = YES;
				IPHONEOS_DEPLOYMENT_TARGET = 15.4;
				MTL_ENABLE_DEBUG_INFO = INCLUDE_SOURCE;
				MTL_FAST_MATH = YES;
				ONLY_ACTIVE_ARCH = YES;
				SDKROOT = iphoneos;
				SWIFT_ACTIVE_COMPILATION_CONDITIONS = DEBUG;
				SWIFT_OPTIMIZATION_LEVEL = "-Onone";
			};
			name = Debug;
		};
		0FCD66E42877078F00DFF03D /* Release */ = {
			isa = XCBuildConfiguration;
			buildSettings = {
				ALWAYS_SEARCH_USER_PATHS = NO;
				CLANG_ANALYZER_NONNULL = YES;
				CLANG_ANALYZER_NUMBER_OBJECT_CONVERSION = YES_AGGRESSIVE;
				CLANG_CXX_LANGUAGE_STANDARD = "gnu++17";
				CLANG_ENABLE_MODULES = YES;
				CLANG_ENABLE_OBJC_ARC = YES;
				CLANG_ENABLE_OBJC_WEAK = YES;
				CLANG_WARN_BLOCK_CAPTURE_AUTORELEASING = YES;
				CLANG_WARN_BOOL_CONVERSION = YES;
				CLANG_WARN_COMMA = YES;
				CLANG_WARN_CONSTANT_CONVERSION = YES;
				CLANG_WARN_DEPRECATED_OBJC_IMPLEMENTATIONS = YES;
				CLANG_WARN_DIRECT_OBJC_ISA_USAGE = YES_ERROR;
				CLANG_WARN_DOCUMENTATION_COMMENTS = YES;
				CLANG_WARN_EMPTY_BODY = YES;
				CLANG_WARN_ENUM_CONVERSION = YES;
				CLANG_WARN_INFINITE_RECURSION = YES;
				CLANG_WARN_INT_CONVERSION = YES;
				CLANG_WARN_NON_LITERAL_NULL_CONVERSION = YES;
				CLANG_WARN_OBJC_IMPLICIT_RETAIN_SELF = YES;
				CLANG_WARN_OBJC_LITERAL_CONVERSION = YES;
				CLANG_WARN_OBJC_ROOT_CLASS = YES_ERROR;
				CLANG_WARN_QUOTED_INCLUDE_IN_FRAMEWORK_HEADER = YES;
				CLANG_WARN_RANGE_LOOP_ANALYSIS = YES;
				CLANG_WARN_STRICT_PROTOTYPES = YES;
				CLANG_WARN_SUSPICIOUS_MOVE = YES;
				CLANG_WARN_UNGUARDED_AVAILABILITY = YES_AGGRESSIVE;
				CLANG_WARN_UNREACHABLE_CODE = YES;
				CLANG_WARN__DUPLICATE_METHOD_MATCH = YES;
				COPY_PHASE_STRIP = NO;
				DEBUG_INFORMATION_FORMAT = "dwarf-with-dsym";
				ENABLE_NS_ASSERTIONS = NO;
				ENABLE_STRICT_OBJC_MSGSEND = YES;
				GCC_C_LANGUAGE_STANDARD = gnu11;
				GCC_NO_COMMON_BLOCKS = YES;
				GCC_WARN_64_TO_32_BIT_CONVERSION = YES;
				GCC_WARN_ABOUT_RETURN_TYPE = YES_ERROR;
				GCC_WARN_UNDECLARED_SELECTOR = YES;
				GCC_WARN_UNINITIALIZED_AUTOS = YES_AGGRESSIVE;
				GCC_WARN_UNUSED_FUNCTION = YES;
				GCC_WARN_UNUSED_VARIABLE = YES;
				IPHONEOS_DEPLOYMENT_TARGET = 15.4;
				MTL_ENABLE_DEBUG_INFO = NO;
				MTL_FAST_MATH = YES;
				SDKROOT = iphoneos;
				SWIFT_COMPILATION_MODE = wholemodule;
				SWIFT_OPTIMIZATION_LEVEL = "-O";
				VALIDATE_PRODUCT = YES;
			};
			name = Release;
		};
		0FCD66E62877078F00DFF03D /* Debug */ = {
			isa = XCBuildConfiguration;
			buildSettings = {
				ASSETCATALOG_COMPILER_APPICON_NAME = AppIcon;
				ASSETCATALOG_COMPILER_GLOBAL_ACCENT_COLOR_NAME = AccentColor;
				CODE_SIGN_STYLE = Automatic;
				CURRENT_PROJECT_VERSION = 1;
				DEVELOPMENT_TEAM = G5HBQ8L2WR;
				GENERATE_INFOPLIST_FILE = YES;
				INFOPLIST_FILE = homework/Info.plist;
				INFOPLIST_KEY_UIApplicationSupportsIndirectInputEvents = YES;
				INFOPLIST_KEY_UILaunchStoryboardName = LaunchScreen;
				INFOPLIST_KEY_UIMainStoryboardFile = Main;
				INFOPLIST_KEY_UISupportedInterfaceOrientations_iPad = "UIInterfaceOrientationPortrait UIInterfaceOrientationPortraitUpsideDown UIInterfaceOrientationLandscapeLeft UIInterfaceOrientationLandscapeRight";
				INFOPLIST_KEY_UISupportedInterfaceOrientations_iPhone = "UIInterfaceOrientationPortrait UIInterfaceOrientationLandscapeLeft UIInterfaceOrientationLandscapeRight";
				LD_RUNPATH_SEARCH_PATHS = (
					"$(inherited)",
					"@executable_path/Frameworks",
				);
				MARKETING_VERSION = 1.0;
				PRODUCT_BUNDLE_IDENTIFIER = com.test.homework.homework;
				PRODUCT_NAME = "$(TARGET_NAME)";
				SWIFT_EMIT_LOC_STRINGS = YES;
				SWIFT_VERSION = 5.0;
				TARGETED_DEVICE_FAMILY = "1,2";
			};
			name = Debug;
		};
		0FCD66E72877078F00DFF03D /* Release */ = {
			isa = XCBuildConfiguration;
			buildSettings = {
				ASSETCATALOG_COMPILER_APPICON_NAME = AppIcon;
				ASSETCATALOG_COMPILER_GLOBAL_ACCENT_COLOR_NAME = AccentColor;
				CODE_SIGN_STYLE = Automatic;
				CURRENT_PROJECT_VERSION = 1;
				DEVELOPMENT_TEAM = G5HBQ8L2WR;
				GENERATE_INFOPLIST_FILE = YES;
				INFOPLIST_FILE = homework/Info.plist;
				INFOPLIST_KEY_UIApplicationSupportsIndirectInputEvents = YES;
				INFOPLIST_KEY_UILaunchStoryboardName = LaunchScreen;
				INFOPLIST_KEY_UIMainStoryboardFile = Main;
				INFOPLIST_KEY_UISupportedInterfaceOrientations_iPad = "UIInterfaceOrientationPortrait UIInterfaceOrientationPortraitUpsideDown UIInterfaceOrientationLandscapeLeft UIInterfaceOrientationLandscapeRight";
				INFOPLIST_KEY_UISupportedInterfaceOrientations_iPhone = "UIInterfaceOrientationPortrait UIInterfaceOrientationLandscapeLeft UIInterfaceOrientationLandscapeRight";
				LD_RUNPATH_SEARCH_PATHS = (
					"$(inherited)",
					"@executable_path/Frameworks",
				);
				MARKETING_VERSION = 1.0;
				PRODUCT_BUNDLE_IDENTIFIER = com.test.homework.homework;
				PRODUCT_NAME = "$(TARGET_NAME)";
				SWIFT_EMIT_LOC_STRINGS = YES;
				SWIFT_VERSION = 5.0;
				TARGETED_DEVICE_FAMILY = "1,2";
			};
			name = Release;
		};
		0FCD66E92877078F00DFF03D /* Debug */ = {
			isa = XCBuildConfiguration;
			buildSettings = {
				ALWAYS_EMBED_SWIFT_STANDARD_LIBRARIES = YES;
				BUNDLE_LOADER = "$(TEST_HOST)";
				CODE_SIGN_STYLE = Automatic;
				CURRENT_PROJECT_VERSION = 1;
				DEVELOPMENT_TEAM = G5HBQ8L2WR;
				GENERATE_INFOPLIST_FILE = YES;
				IPHONEOS_DEPLOYMENT_TARGET = 15.4;
				MARKETING_VERSION = 1.0;
				PRODUCT_BUNDLE_IDENTIFIER = com.test.homework.homeworkTests;
				PRODUCT_NAME = "$(TARGET_NAME)";
				SWIFT_EMIT_LOC_STRINGS = NO;
				SWIFT_VERSION = 5.0;
				TARGETED_DEVICE_FAMILY = "1,2";
				TEST_HOST = "$(BUILT_PRODUCTS_DIR)/homework.app/homework";
			};
			name = Debug;
		};
		0FCD66EA2877078F00DFF03D /* Release */ = {
			isa = XCBuildConfiguration;
			buildSettings = {
				ALWAYS_EMBED_SWIFT_STANDARD_LIBRARIES = YES;
				BUNDLE_LOADER = "$(TEST_HOST)";
				CODE_SIGN_STYLE = Automatic;
				CURRENT_PROJECT_VERSION = 1;
				DEVELOPMENT_TEAM = G5HBQ8L2WR;
				GENERATE_INFOPLIST_FILE = YES;
				IPHONEOS_DEPLOYMENT_TARGET = 15.4;
				MARKETING_VERSION = 1.0;
				PRODUCT_BUNDLE_IDENTIFIER = com.test.homework.homeworkTests;
				PRODUCT_NAME = "$(TARGET_NAME)";
				SWIFT_EMIT_LOC_STRINGS = NO;
				SWIFT_VERSION = 5.0;
				TARGETED_DEVICE_FAMILY = "1,2";
				TEST_HOST = "$(BUILT_PRODUCTS_DIR)/homework.app/homework";
			};
			name = Release;
		};
		0FCD66EC2877078F00DFF03D /* Debug */ = {
			isa = XCBuildConfiguration;
			buildSettings = {
				ALWAYS_EMBED_SWIFT_STANDARD_LIBRARIES = YES;
				CODE_SIGN_STYLE = Automatic;
				CURRENT_PROJECT_VERSION = 1;
				DEVELOPMENT_TEAM = G5HBQ8L2WR;
				GENERATE_INFOPLIST_FILE = YES;
				MARKETING_VERSION = 1.0;
				PRODUCT_BUNDLE_IDENTIFIER = com.test.homework.homeworkUITests;
				PRODUCT_NAME = "$(TARGET_NAME)";
				SWIFT_EMIT_LOC_STRINGS = NO;
				SWIFT_VERSION = 5.0;
				TARGETED_DEVICE_FAMILY = "1,2";
				TEST_TARGET_NAME = homework;
			};
			name = Debug;
		};
		0FCD66ED2877078F00DFF03D /* Release */ = {
			isa = XCBuildConfiguration;
			buildSettings = {
				ALWAYS_EMBED_SWIFT_STANDARD_LIBRARIES = YES;
				CODE_SIGN_STYLE = Automatic;
				CURRENT_PROJECT_VERSION = 1;
				DEVELOPMENT_TEAM = G5HBQ8L2WR;
				GENERATE_INFOPLIST_FILE = YES;
				MARKETING_VERSION = 1.0;
				PRODUCT_BUNDLE_IDENTIFIER = com.test.homework.homeworkUITests;
				PRODUCT_NAME = "$(TARGET_NAME)";
				SWIFT_EMIT_LOC_STRINGS = NO;
				SWIFT_VERSION = 5.0;
				TARGETED_DEVICE_FAMILY = "1,2";
				TEST_TARGET_NAME = homework;
			};
			name = Release;
		};
/* End XCBuildConfiguration section */

/* Begin XCConfigurationList section */
		0FCD66B62877078F00DFF03D /* Build configuration list for PBXProject "homework" */ = {
			isa = XCConfigurationList;
			buildConfigurations = (
				0FCD66E32877078F00DFF03D /* Debug */,
				0FCD66E42877078F00DFF03D /* Release */,
			);
			defaultConfigurationIsVisible = 0;
			defaultConfigurationName = Release;
		};
		0FCD66E52877078F00DFF03D /* Build configuration list for PBXNativeTarget "homework" */ = {
			isa = XCConfigurationList;
			buildConfigurations = (
				0FCD66E62877078F00DFF03D /* Debug */,
				0FCD66E72877078F00DFF03D /* Release */,
			);
			defaultConfigurationIsVisible = 0;
			defaultConfigurationName = Release;
		};
		0FCD66E82877078F00DFF03D /* Build configuration list for PBXNativeTarget "homeworkTests" */ = {
			isa = XCConfigurationList;
			buildConfigurations = (
				0FCD66E92877078F00DFF03D /* Debug */,
				0FCD66EA2877078F00DFF03D /* Release */,
			);
			defaultConfigurationIsVisible = 0;
			defaultConfigurationName = Release;
		};
		0FCD66EB2877078F00DFF03D /* Build configuration list for PBXNativeTarget "homeworkUITests" */ = {
			isa = XCConfigurationList;
			buildConfigurations = (
				0FCD66EC2877078F00DFF03D /* Debug */,
				0FCD66ED2877078F00DFF03D /* Release */,
			);
			defaultConfigurationIsVisible = 0;
			defaultConfigurationName = Release;
		};
/* End XCConfigurationList section */
	};
	rootObject = 0FCD66B32877078F00DFF03D /* Project object */;
}
